{
  "name": "html5music",
  "version": "1.0.0",
  "lockfileVersion": 1,
  "requires": true,
  "dependencies": {
    "ansi-colors": {
      "version": "1.1.0",
      "resolved": "https://registry.npm.taobao.org/ansi-colors/download/ansi-colors-1.1.0.tgz?cache=0&other_urls=https%3A%2F%2Fregistry.npm.taobao.org%2Fansi-colors%2Fdownload%2Fansi-colors-1.1.0.tgz",
      "dev": true,
      "dependencies": {
        "ansi-wrap": {
          "version": "https://registry.npm.taobao.org/ansi-wrap/download/ansi-wrap-0.1.0.tgz",
          "bundled": true
        }
      }
    },
    "arr-diff": {
      "version": "4.0.0",
      "resolved": "https://registry.npm.taobao.org/arr-diff/download/arr-diff-4.0.0.tgz",
      "dev": true
    },
    "arr-union": {
      "version": "3.1.0",
      "resolved": "https://registry.npm.taobao.org/arr-union/download/arr-union-3.1.0.tgz",
      "dev": true
    },
    "gulp": {
      "version": "3.9.1",
      "resolved": "https://registry.npm.taobao.org/gulp/download/gulp-3.9.1.tgz",
      "dev": true,
      "dependencies": {
        "archy": {
          "version": "https://registry.npm.taobao.org/archy/download/archy-1.0.0.tgz",
          "bundled": true
        },
        "chalk": {
          "version": "https://registry.npm.taobao.org/chalk/download/chalk-1.1.3.tgz",
          "bundled": true,
          "dependencies": {
            "ansi-styles": {
              "version": "https://registry.npm.taobao.org/ansi-styles/download/ansi-styles-2.2.1.tgz?cache=0&other_urls=https%3A%2F%2Fregistry.npm.taobao.org%2Fansi-styles%2Fdownload%2Fansi-styles-2.2.1.tgz",
              "bundled": true
            },
            "escape-string-regexp": {
              "version": "https://registry.npm.taobao.org/escape-string-regexp/download/escape-string-regexp-1.0.5.tgz",
              "bundled": true
            },
            "has-ansi": {
              "version": "https://registry.npm.taobao.org/has-ansi/download/has-ansi-2.0.0.tgz?cache=0&other_urls=https%3A%2F%2Fregistry.npm.taobao.org%2Fhas-ansi%2Fdownload%2Fhas-ansi-2.0.0.tgz",
              "bundled": true
            },
            "strip-ansi": {
              "version": "https://registry.npm.taobao.org/strip-ansi/download/strip-ansi-3.0.1.tgz",
              "bundled": true
            },
            "supports-color": {
              "version": "https://registry.npm.taobao.org/supports-color/download/supports-color-2.0.0.tgz",
              "bundled": true
            }
          }
        },
        "deprecated": {
          "version": "https://registry.npm.taobao.org/deprecated/download/deprecated-0.0.1.tgz",
          "bundled": true
        },
        "gulp-util": {
          "version": "https://registry.npm.taobao.org/gulp-util/download/gulp-util-3.0.8.tgz",
          "bundled": true
        },
        "interpret": {
          "version": "https://registry.npm.taobao.org/interpret/download/interpret-1.2.0.tgz",
          "bundled": true
        },
        "liftoff": {
          "version": "https://registry.npm.taobao.org/liftoff/download/liftoff-2.5.0.tgz",
          "bundled": true
        },
        "minimist": {
          "version": "https://registry.npm.taobao.org/minimist/download/minimist-1.2.0.tgz",
          "bundled": true
        },
        "orchestrator": {
          "version": "https://registry.npm.taobao.org/orchestrator/download/orchestrator-0.3.8.tgz",
          "bundled": true
        },
        "pretty-hrtime": {
          "version": "https://registry.npm.taobao.org/pretty-hrtime/download/pretty-hrtime-1.0.3.tgz",
          "bundled": true
        },
        "semver": {
          "version": "https://registry.npm.taobao.org/semver/download/semver-4.3.6.tgz?cache=0&other_urls=https%3A%2F%2Fregistry.npm.taobao.org%2Fsemver%2Fdownload%2Fsemver-4.3.6.tgz",
          "bundled": true
        },
        "tildify": {
          "version": "https://registry.npm.taobao.org/tildify/download/tildify-1.2.0.tgz",
          "bundled": true
        },
        "v8flags": {
          "version": "https://registry.npm.taobao.org/v8flags/download/v8flags-2.1.1.tgz",
          "bundled": true
        },
        "vinyl-fs": {
          "version": "https://registry.npm.taobao.org/vinyl-fs/download/vinyl-fs-0.3.14.tgz",
          "bundled": true
        }
      }
    },
    "gulp-htmlclean": {
      "version": "2.7.22",
      "resolved": "https://registry.npmjs.org/gulp-htmlclean/-/gulp-htmlclean-2.7.22.tgz",
      "integrity": "sha1-p4Ed6NEiESKuYNZgygFwtltpjd4=",
      "dev": true,
      "requires": {
        "htmlclean": "~3.0.8",
        "plugin-error": "^1.0.1",
        "through2": "^2.0.3"
      }
    },
    "htmlclean": {
      "version": "3.0.8",
      "resolved": "https://registry.npmjs.org/htmlclean/-/htmlclean-3.0.8.tgz",
      "integrity": "sha1-zqRRz1OZ1AGDhqVxKUifLWMOYrA=",
      "dev": true
    },
    "plugin-error": {
      "version": "1.0.1",
      "resolved": "https://registry.npmjs.org/plugin-error/-/plugin-error-1.0.1.tgz",
      "integrity": "sha512-L1zP0dk7vGweZME2i+EeakvUNqSrdiI3F91TwEoYiGrAfUXmVv6fJIq4g82PAXxNsWOp0J7ZqQy/3Szz0ajTxA==",
      "dev": true,
      "requires": {
        "ansi-colors": "^1.0.1",
        "arr-diff": "^4.0.0",
        "arr-union": "^3.1.0"
      }
    },
    "through2": {
      "version": "2.0.5",
      "resolved": "https://registry.npm.taobao.org/through2/download/through2-2.0.5.tgz",
      "dev": true,
      "dependencies": {
        "readable-stream": {
          "version": "https://registry.npm.taobao.org/readable-stream/download/readable-stream-2.3.6.tgz",
          "bundled": true,
          "dependencies": {
            "core-util-is": {
              "version": "https://registry.npm.taobao.org/core-util-is/download/core-util-is-1.0.2.tgz",
              "bundled": true
            },
            "inherits": {
              "version": "https://registry.npm.taobao.org/inherits/download/inherits-2.0.4.tgz",
              "bundled": true
            },
            "isarray": {
              "version": "https://registry.npm.taobao.org/isarray/download/isarray-1.0.0.tgz",
              "bundled": true
            },
            "process-nextick-args": {
              "version": "https://registry.npm.taobao.org/process-nextick-args/download/process-nextick-args-2.0.1.tgz",
              "bundled": true
            },
            "safe-buffer": {
              "version": "https://registry.npm.taobao.org/safe-buffer/download/safe-buffer-5.1.2.tgz",
              "bundled": true
            },
            "string_decoder": {
              "version": "https://registry.npm.taobao.org/string_decoder/download/string_decoder-1.1.1.tgz",
              "bundled": true
            },
            "util-deprecate": {
              "version": "https://registry.npm.taobao.org/util-deprecate/download/util-deprecate-1.0.2.tgz",
              "bundled": true
            }
          }
        },
        "xtend": {
          "version": "https://registry.npm.taobao.org/xtend/download/xtend-4.0.1.tgz",
          "bundled": true
        }
      }
    }
  }
}
